
Microsoft Visual Studio Solution File, Format Version 12.00
# Visual Studio Version 17
VisualStudioVersion = 17.9.34728.123
MinimumVisualStudioVersion = 10.0.40219.1
Project("{9A19103F-16F7-4668-BE54-9A1E7A4F7556}") = "ShoppingCart", "ShoppingCart\ShoppingCart.csproj", "{6A9C89D0-4003-469F-8A4B-E805C1E06B6B}"
EndProject
Global
	GlobalSection(SolutionConfigurationPlatforms) = preSolution
		Debug|Any CPU = Debug|Any CPU
		Release|Any CPU = Release|Any CPU
	EndGlobalSection
	GlobalSection(ProjectConfigurationPlatforms) = postSolution
		{6A9C89D0-4003-469F-8A4B-E805C1E06B6B}.Debug|Any CPU.ActiveCfg = Debug|Any CPU
		{6A9C89D0-4003-469F-8A4B-E805C1E06B6B}.Debug|Any CPU.Build.0 = Debug|Any CPU
		{6A9C89D0-4003-469F-8A4B-E805C1E06B6B}.Release|Any CPU.ActiveCfg = Release|Any CPU
		{6A9C89D0-4003-469F-8A4B-E805C1E06B6B}.Release|Any CPU.Build.0 = Release|Any CPU
	EndGlobalSection
	GlobalSection(SolutionProperties) = preSolution
		HideSolutionNode = FALSE
	EndGlobalSection
	GlobalSection(ExtensibilityGlobals) = postSolution
		SolutionGuid = {FC0760AA-FC54-4781-8281-D53C489D1ED8}
	EndGlobalSection
EndGlobal
